
Microsoft Visual Studio Solution File, Format Version 12.00
# Visual Studio Version 17
VisualStudioVersion = 17.0.32014.148
MinimumVisualStudioVersion = 10.0.40219.1
Project("{9A19103F-16F7-4668-BE54-9A1E7A4F7556}") = "TriangleTask", "CSharpBasic\TriangleTask.csproj", "{700D0344-7E1B-4CF9-B66E-EE9326FBDABA}"
EndProject
Project("{9A19103F-16F7-4668-BE54-9A1E7A4F7556}") = "TernarPass", "TernarPass\TernarPass.csproj", "{D264446C-1424-4450-8963-4FB2FF170241}"
EndProject
Project("{9A19103F-16F7-4668-BE54-9A1E7A4F7556}") = "TernarNum", "TernarNum\TernarNum.csproj", "{F55BEBF0-B1CB-470C-962A-C8FD73AE4105}"
EndProject
Project("{9A19103F-16F7-4668-BE54-9A1E7A4F7556}") = "FiveElementArray", "FiveElementArray\FiveElementArray.csproj", "{CEFC5391-3BE4-4620-9702-569EFBF9C39E}"
EndProject
Project("{9A19103F-16F7-4668-BE54-9A1E7A4F7556}") = "ArrayInitialization", "ArrayInitialization\ArrayInitialization.csproj", "{C30EF175-42BF-4B04-B3D8-FC34C180E757}"
EndProject
Project("{9A19103F-16F7-4668-BE54-9A1E7A4F7556}") = "BetterArrayInitialization", "BetterArrayInitialization\BetterArrayInitialization.csproj", "{EC77531C-1FCF-46CD-AD29-9E3873D89803}"
EndProject
Project("{9A19103F-16F7-4668-BE54-9A1E7A4F7556}") = "ArrayEnumeration", "ArrayEnumeration\ArrayEnumeration.csproj", "{848676B8-A3DB-4D3C-9FF9-38A080F94EC2}"
EndProject
Project("{9A19103F-16F7-4668-BE54-9A1E7A4F7556}") = "ArrayOfUser", "ArrayOfUser\ArrayOfUser.csproj", "{0DA5FDF2-071A-438F-8EA4-F595D7F900DE}"
EndProject
Project("{9A19103F-16F7-4668-BE54-9A1E7A4F7556}") = "ReverseArray", "ReverseArray\ReverseArray.csproj", "{15029B0B-9EF9-4E81-AEB7-07CAAC94FF39}"
EndProject
Project("{9A19103F-16F7-4668-BE54-9A1E7A4F7556}") = "1 to 10", "1 to 10\1 to 10.csproj", "{2ABDC261-D92A-4142-BEE9-0D3DC436D52C}"
EndProject
Project("{9A19103F-16F7-4668-BE54-9A1E7A4F7556}") = "ArrayOutput", "ArrayOutput\ArrayOutput.csproj", "{15222A69-63FE-4F20-8C6B-E9D45AB6AFB9}"
EndProject
Project("{9A19103F-16F7-4668-BE54-9A1E7A4F7556}") = "ArrayReverse", "ArrayReverse\ArrayReverse.csproj", "{251E701C-1C66-455D-BEF5-7B4948AF43AF}"
EndProject
Project("{9A19103F-16F7-4668-BE54-9A1E7A4F7556}") = "EvenNumberInArray", "EvenNumberInArray\EvenNumberInArray.csproj", "{A30814B7-03CE-41D9-89AD-6C95E14691F4}"
EndProject
Project("{9A19103F-16F7-4668-BE54-9A1E7A4F7556}") = "EvenNumberInArray_2.0", "EvenNumberInArray_2.0\EvenNumberInArray_2.0.csproj", "{656FE31A-CB41-4758-BA99-4A0FC8D707BE}"
EndProject
Project("{9A19103F-16F7-4668-BE54-9A1E7A4F7556}") = "MinimumValueInArray", "MinimumValueInArray\MinimumValueInArray.csproj", "{B17A0A1C-E2F4-493C-9F5A-B4D3C0E7BDA9}"
EndProject
Project("{9A19103F-16F7-4668-BE54-9A1E7A4F7556}") = "MaximumValueInArray", "MaximumValueInArray\MaximumValueInArray.csproj", "{D208A1E0-D810-458C-9292-615C50274336}"
EndProject
Project("{9A19103F-16F7-4668-BE54-9A1E7A4F7556}") = "EvenArraySum", "EvenArraySum\EvenArraySum.csproj", "{C9EEB1B3-A693-441A-A78D-5A4A0334EDAD}"
EndProject
Project("{9A19103F-16F7-4668-BE54-9A1E7A4F7556}") = "ArrayFirstMinNumber", "ArrayFirstMinNumber\ArrayFirstMinNumber.csproj", "{4DC00A2A-AA58-420F-A340-F17A3D705772}"
EndProject
Project("{9A19103F-16F7-4668-BE54-9A1E7A4F7556}") = "index_rangeArray", "index_rangeArray\index_rangeArray.csproj", "{3D3920FA-D343-4DB2-A76C-561C5A33789E}"
EndProject
Project("{9A19103F-16F7-4668-BE54-9A1E7A4F7556}") = "StringArray", "StringArray\StringArray.csproj", "{1F25EACA-6EB3-4309-B32B-4167ED7C5708}"
EndProject
Project("{9A19103F-16F7-4668-BE54-9A1E7A4F7556}") = "TwoDimensionalArray", "TwoDimensionalArray\TwoDimensionalArray.csproj", "{033BA598-3A02-4F5D-A4BA-091390B9A868}"
EndProject
Project("{9A19103F-16F7-4668-BE54-9A1E7A4F7556}") = "TwoDimensionalArray_Table", "TwoDimensionalArray_Table\TwoDimensionalArray_Table.csproj", "{1863972F-054E-4BEF-A0B0-2F44D9765C8A}"
EndProject
Project("{9A19103F-16F7-4668-BE54-9A1E7A4F7556}") = "TwoDimensionalArray_Conclusion", "TwoDimensionalArray_Conclusion\TwoDimensionalArray_Conclusion.csproj", "{347A8E1D-39D3-42D2-99E1-129623C11F1D}"
EndProject
Project("{9A19103F-16F7-4668-BE54-9A1E7A4F7556}") = "TwoDimensionalArray_GetLength", "TwoDimensionalArray_GetLength\TwoDimensionalArray_GetLength.csproj", "{382DC5EB-1B37-48C4-B69E-D6E6DEE68589}"
EndProject
Project("{9A19103F-16F7-4668-BE54-9A1E7A4F7556}") = "TwoDimensionalArray_For", "TwoDimensionalArray_For\TwoDimensionalArray_For.csproj", "{E8D32519-5830-4BF1-9448-78CF6C5843F9}"
EndProject
Project("{9A19103F-16F7-4668-BE54-9A1E7A4F7556}") = "TwoDimensionalArray_BetFor", "TwoDimensionalArray_BetFor\TwoDimensionalArray_BetFor.csproj", "{CF2C8EBA-CC3B-47DD-BA5C-B250C65A5A41}"
EndProject
Project("{9A19103F-16F7-4668-BE54-9A1E7A4F7556}") = "TwoDimensionalArray_Random", "TwoDimensionalArray_Random\TwoDimensionalArray_Random.csproj", "{3C589175-BF10-4404-98E9-A56350B4E696}"
EndProject
Project("{9A19103F-16F7-4668-BE54-9A1E7A4F7556}") = "ArrayJoinAndSelect", "ArrayJoinAndSelect\ArrayJoinAndSelect.csproj", "{EC538E44-116A-4175-8575-902CC3BE0C55}"
EndProject
Project("{9A19103F-16F7-4668-BE54-9A1E7A4F7556}") = "TwoDimensionalArray_ReadLine", "TwoDimensionalArray_ReadLine\TwoDimensionalArray_ReadLine.csproj", "{2F04DF93-E5FA-46FE-92CA-F9341001C812}"
EndProject
Project("{9A19103F-16F7-4668-BE54-9A1E7A4F7556}") = "SteppedArray", "SteppedArray\SteppedArray.csproj", "{A4E3ED0B-CE7B-4E32-8AC5-85C827988BB2}"
EndProject
Project("{9A19103F-16F7-4668-BE54-9A1E7A4F7556}") = "SteppedArrayRandom", "SteppedArrayRandom\SteppedArrayRandom.csproj", "{6520800F-E5A6-4D49-8568-AAF40CB08D90}"
EndProject
Project("{9A19103F-16F7-4668-BE54-9A1E7A4F7556}") = "ThreeDimensionArray", "ThreeDimensionArray\ThreeDimensionArray.csproj", "{E3B10613-1BB6-4EEF-A7A5-4431B6D0CD04}"
EndProject
Project("{9A19103F-16F7-4668-BE54-9A1E7A4F7556}") = "FourDimensionArray", "FourDimensionArray\FourDimensionArray.csproj", "{D740DE0C-3AD2-4F10-BAAC-773EB046DB76}"
EndProject
Project("{9A19103F-16F7-4668-BE54-9A1E7A4F7556}") = "ArrayAnothge", "ArrayAnothge\ArrayAnothge.csproj", "{B09935C9-522F-4AB2-BBCC-443C50077016}"
EndProject
Project("{9A19103F-16F7-4668-BE54-9A1E7A4F7556}") = "FunctionsAndMethods", "FunctionsAndMethods\FunctionsAndMethods.csproj", "{5AC3C676-B44F-45CD-9A30-F361C8303E69}"
EndProject
Project("{9A19103F-16F7-4668-BE54-9A1E7A4F7556}") = "FunctionAndMethodsInCalc", "FunctionAndMethodsInCalc\FunctionAndMethodsInCalc.csproj", "{E0FF4C00-2E33-4F39-8B95-87D197385E3C}"
EndProject
Project("{9A19103F-16F7-4668-BE54-9A1E7A4F7556}") = "FunctionsAndMethods_2", "FunctionsAndMethods_2\FunctionsAndMethods_2.csproj", "{B39F95B9-AD99-41B8-B6A3-590C4735036E}"
EndProject
Project("{9A19103F-16F7-4668-BE54-9A1E7A4F7556}") = "MethodOverload", "MethodOverload\MethodOverload.csproj", "{75B14814-426E-45DE-AB4D-BF262E96D3FB}"
EndProject
Project("{9A19103F-16F7-4668-BE54-9A1E7A4F7556}") = "FieldOfView", "FieldOfView\FieldOfView.csproj", "{C52200D3-0118-4BA1-BCCB-795087E986A9}"
EndProject
Project("{9A19103F-16F7-4668-BE54-9A1E7A4F7556}") = "ReferenceAndValueTypes", "ReferenceAndValueTypes\ReferenceAndValueTypes.csproj", "{3B2AA0D0-D294-4BA2-94A6-08E7291F29FA}"
EndProject
Project("{FAE04EC0-301F-11D3-BF4B-00C04F79EFBC}") = "Null", "Null\Null.csproj", "{8F3AFB5E-7926-4655-8258-AF437105B950}"
EndProject
Project("{FAE04EC0-301F-11D3-BF4B-00C04F79EFBC}") = "NullIntegration", "NullIntegration\NullIntegration.csproj", "{AB7461B9-8BEA-4507-BD29-7EDA4889E669}"
EndProject
Global
	GlobalSection(SolutionConfigurationPlatforms) = preSolution
		Debug|Any CPU = Debug|Any CPU
		Release|Any CPU = Release|Any CPU
	EndGlobalSection
	GlobalSection(ProjectConfigurationPlatforms) = postSolution
		{700D0344-7E1B-4CF9-B66E-EE9326FBDABA}.Debug|Any CPU.ActiveCfg = Debug|Any CPU
		{700D0344-7E1B-4CF9-B66E-EE9326FBDABA}.Debug|Any CPU.Build.0 = Debug|Any CPU
		{700D0344-7E1B-4CF9-B66E-EE9326FBDABA}.Release|Any CPU.ActiveCfg = Release|Any CPU
		{700D0344-7E1B-4CF9-B66E-EE9326FBDABA}.Release|Any CPU.Build.0 = Release|Any CPU
		{D264446C-1424-4450-8963-4FB2FF170241}.Debug|Any CPU.ActiveCfg = Debug|Any CPU
		{D264446C-1424-4450-8963-4FB2FF170241}.Debug|Any CPU.Build.0 = Debug|Any CPU
		{D264446C-1424-4450-8963-4FB2FF170241}.Release|Any CPU.ActiveCfg = Release|Any CPU
		{D264446C-1424-4450-8963-4FB2FF170241}.Release|Any CPU.Build.0 = Release|Any CPU
		{F55BEBF0-B1CB-470C-962A-C8FD73AE4105}.Debug|Any CPU.ActiveCfg = Debug|Any CPU
		{F55BEBF0-B1CB-470C-962A-C8FD73AE4105}.Debug|Any CPU.Build.0 = Debug|Any CPU
		{F55BEBF0-B1CB-470C-962A-C8FD73AE4105}.Release|Any CPU.ActiveCfg = Release|Any CPU
		{F55BEBF0-B1CB-470C-962A-C8FD73AE4105}.Release|Any CPU.Build.0 = Release|Any CPU
		{CEFC5391-3BE4-4620-9702-569EFBF9C39E}.Debug|Any CPU.ActiveCfg = Debug|Any CPU
		{CEFC5391-3BE4-4620-9702-569EFBF9C39E}.Debug|Any CPU.Build.0 = Debug|Any CPU
		{CEFC5391-3BE4-4620-9702-569EFBF9C39E}.Release|Any CPU.ActiveCfg = Release|Any CPU
		{CEFC5391-3BE4-4620-9702-569EFBF9C39E}.Release|Any CPU.Build.0 = Release|Any CPU
		{C30EF175-42BF-4B04-B3D8-FC34C180E757}.Debug|Any CPU.ActiveCfg = Debug|Any CPU
		{C30EF175-42BF-4B04-B3D8-FC34C180E757}.Debug|Any CPU.Build.0 = Debug|Any CPU
		{C30EF175-42BF-4B04-B3D8-FC34C180E757}.Release|Any CPU.ActiveCfg = Release|Any CPU
		{C30EF175-42BF-4B04-B3D8-FC34C180E757}.Release|Any CPU.Build.0 = Release|Any CPU
		{EC77531C-1FCF-46CD-AD29-9E3873D89803}.Debug|Any CPU.ActiveCfg = Debug|Any CPU
		{EC77531C-1FCF-46CD-AD29-9E3873D89803}.Debug|Any CPU.Build.0 = Debug|Any CPU
		{EC77531C-1FCF-46CD-AD29-9E3873D89803}.Release|Any CPU.ActiveCfg = Release|Any CPU
		{EC77531C-1FCF-46CD-AD29-9E3873D89803}.Release|Any CPU.Build.0 = Release|Any CPU
		{848676B8-A3DB-4D3C-9FF9-38A080F94EC2}.Debug|Any CPU.ActiveCfg = Debug|Any CPU
		{848676B8-A3DB-4D3C-9FF9-38A080F94EC2}.Debug|Any CPU.Build.0 = Debug|Any CPU
		{848676B8-A3DB-4D3C-9FF9-38A080F94EC2}.Release|Any CPU.ActiveCfg = Release|Any CPU
		{848676B8-A3DB-4D3C-9FF9-38A080F94EC2}.Release|Any CPU.Build.0 = Release|Any CPU
		{0DA5FDF2-071A-438F-8EA4-F595D7F900DE}.Debug|Any CPU.ActiveCfg = Debug|Any CPU
		{0DA5FDF2-071A-438F-8EA4-F595D7F900DE}.Debug|Any CPU.Build.0 = Debug|Any CPU
		{0DA5FDF2-071A-438F-8EA4-F595D7F900DE}.Release|Any CPU.ActiveCfg = Release|Any CPU
		{0DA5FDF2-071A-438F-8EA4-F595D7F900DE}.Release|Any CPU.Build.0 = Release|Any CPU
		{15029B0B-9EF9-4E81-AEB7-07CAAC94FF39}.Debug|Any CPU.ActiveCfg = Debug|Any CPU
		{15029B0B-9EF9-4E81-AEB7-07CAAC94FF39}.Debug|Any CPU.Build.0 = Debug|Any CPU
		{15029B0B-9EF9-4E81-AEB7-07CAAC94FF39}.Release|Any CPU.ActiveCfg = Release|Any CPU
		{15029B0B-9EF9-4E81-AEB7-07CAAC94FF39}.Release|Any CPU.Build.0 = Release|Any CPU
		{2ABDC261-D92A-4142-BEE9-0D3DC436D52C}.Debug|Any CPU.ActiveCfg = Debug|Any CPU
		{2ABDC261-D92A-4142-BEE9-0D3DC436D52C}.Debug|Any CPU.Build.0 = Debug|Any CPU
		{2ABDC261-D92A-4142-BEE9-0D3DC436D52C}.Release|Any CPU.ActiveCfg = Release|Any CPU
		{2ABDC261-D92A-4142-BEE9-0D3DC436D52C}.Release|Any CPU.Build.0 = Release|Any CPU
		{15222A69-63FE-4F20-8C6B-E9D45AB6AFB9}.Debug|Any CPU.ActiveCfg = Debug|Any CPU
		{15222A69-63FE-4F20-8C6B-E9D45AB6AFB9}.Debug|Any CPU.Build.0 = Debug|Any CPU
		{15222A69-63FE-4F20-8C6B-E9D45AB6AFB9}.Release|Any CPU.ActiveCfg = Release|Any CPU
		{15222A69-63FE-4F20-8C6B-E9D45AB6AFB9}.Release|Any CPU.Build.0 = Release|Any CPU
		{251E701C-1C66-455D-BEF5-7B4948AF43AF}.Debug|Any CPU.ActiveCfg = Debug|Any CPU
		{251E701C-1C66-455D-BEF5-7B4948AF43AF}.Debug|Any CPU.Build.0 = Debug|Any CPU
		{251E701C-1C66-455D-BEF5-7B4948AF43AF}.Release|Any CPU.ActiveCfg = Release|Any CPU
		{251E701C-1C66-455D-BEF5-7B4948AF43AF}.Release|Any CPU.Build.0 = Release|Any CPU
		{A30814B7-03CE-41D9-89AD-6C95E14691F4}.Debug|Any CPU.ActiveCfg = Debug|Any CPU
		{A30814B7-03CE-41D9-89AD-6C95E14691F4}.Debug|Any CPU.Build.0 = Debug|Any CPU
		{A30814B7-03CE-41D9-89AD-6C95E14691F4}.Release|Any CPU.ActiveCfg = Release|Any CPU
		{A30814B7-03CE-41D9-89AD-6C95E14691F4}.Release|Any CPU.Build.0 = Release|Any CPU
		{656FE31A-CB41-4758-BA99-4A0FC8D707BE}.Debug|Any CPU.ActiveCfg = Debug|Any CPU
		{656FE31A-CB41-4758-BA99-4A0FC8D707BE}.Debug|Any CPU.Build.0 = Debug|Any CPU
		{656FE31A-CB41-4758-BA99-4A0FC8D707BE}.Release|Any CPU.ActiveCfg = Release|Any CPU
		{656FE31A-CB41-4758-BA99-4A0FC8D707BE}.Release|Any CPU.Build.0 = Release|Any CPU
		{B17A0A1C-E2F4-493C-9F5A-B4D3C0E7BDA9}.Debug|Any CPU.ActiveCfg = Debug|Any CPU
		{B17A0A1C-E2F4-493C-9F5A-B4D3C0E7BDA9}.Debug|Any CPU.Build.0 = Debug|Any CPU
		{B17A0A1C-E2F4-493C-9F5A-B4D3C0E7BDA9}.Release|Any CPU.ActiveCfg = Release|Any CPU
		{B17A0A1C-E2F4-493C-9F5A-B4D3C0E7BDA9}.Release|Any CPU.Build.0 = Release|Any CPU
		{D208A1E0-D810-458C-9292-615C50274336}.Debug|Any CPU.ActiveCfg = Debug|Any CPU
		{D208A1E0-D810-458C-9292-615C50274336}.Debug|Any CPU.Build.0 = Debug|Any CPU
		{D208A1E0-D810-458C-9292-615C50274336}.Release|Any CPU.ActiveCfg = Release|Any CPU
		{D208A1E0-D810-458C-9292-615C50274336}.Release|Any CPU.Build.0 = Release|Any CPU
		{C9EEB1B3-A693-441A-A78D-5A4A0334EDAD}.Debug|Any CPU.ActiveCfg = Debug|Any CPU
		{C9EEB1B3-A693-441A-A78D-5A4A0334EDAD}.Debug|Any CPU.Build.0 = Debug|Any CPU
		{C9EEB1B3-A693-441A-A78D-5A4A0334EDAD}.Release|Any CPU.ActiveCfg = Release|Any CPU
		{C9EEB1B3-A693-441A-A78D-5A4A0334EDAD}.Release|Any CPU.Build.0 = Release|Any CPU
		{4DC00A2A-AA58-420F-A340-F17A3D705772}.Debug|Any CPU.ActiveCfg = Debug|Any CPU
		{4DC00A2A-AA58-420F-A340-F17A3D705772}.Debug|Any CPU.Build.0 = Debug|Any CPU
		{4DC00A2A-AA58-420F-A340-F17A3D705772}.Release|Any CPU.ActiveCfg = Release|Any CPU
		{4DC00A2A-AA58-420F-A340-F17A3D705772}.Release|Any CPU.Build.0 = Release|Any CPU
		{3D3920FA-D343-4DB2-A76C-561C5A33789E}.Debug|Any CPU.ActiveCfg = Debug|Any CPU
		{3D3920FA-D343-4DB2-A76C-561C5A33789E}.Debug|Any CPU.Build.0 = Debug|Any CPU
		{3D3920FA-D343-4DB2-A76C-561C5A33789E}.Release|Any CPU.ActiveCfg = Release|Any CPU
		{3D3920FA-D343-4DB2-A76C-561C5A33789E}.Release|Any CPU.Build.0 = Release|Any CPU
		{1F25EACA-6EB3-4309-B32B-4167ED7C5708}.Debug|Any CPU.ActiveCfg = Debug|Any CPU
		{1F25EACA-6EB3-4309-B32B-4167ED7C5708}.Debug|Any CPU.Build.0 = Debug|Any CPU
		{1F25EACA-6EB3-4309-B32B-4167ED7C5708}.Release|Any CPU.ActiveCfg = Release|Any CPU
		{1F25EACA-6EB3-4309-B32B-4167ED7C5708}.Release|Any CPU.Build.0 = Release|Any CPU
		{033BA598-3A02-4F5D-A4BA-091390B9A868}.Debug|Any CPU.ActiveCfg = Debug|Any CPU
		{033BA598-3A02-4F5D-A4BA-091390B9A868}.Debug|Any CPU.Build.0 = Debug|Any CPU
		{033BA598-3A02-4F5D-A4BA-091390B9A868}.Release|Any CPU.ActiveCfg = Release|Any CPU
		{033BA598-3A02-4F5D-A4BA-091390B9A868}.Release|Any CPU.Build.0 = Release|Any CPU
		{1863972F-054E-4BEF-A0B0-2F44D9765C8A}.Debug|Any CPU.ActiveCfg = Debug|Any CPU
		{1863972F-054E-4BEF-A0B0-2F44D9765C8A}.Debug|Any CPU.Build.0 = Debug|Any CPU
		{1863972F-054E-4BEF-A0B0-2F44D9765C8A}.Release|Any CPU.ActiveCfg = Release|Any CPU
		{1863972F-054E-4BEF-A0B0-2F44D9765C8A}.Release|Any CPU.Build.0 = Release|Any CPU
		{347A8E1D-39D3-42D2-99E1-129623C11F1D}.Debug|Any CPU.ActiveCfg = Debug|Any CPU
		{347A8E1D-39D3-42D2-99E1-129623C11F1D}.Debug|Any CPU.Build.0 = Debug|Any CPU
		{347A8E1D-39D3-42D2-99E1-129623C11F1D}.Release|Any CPU.ActiveCfg = Release|Any CPU
		{347A8E1D-39D3-42D2-99E1-129623C11F1D}.Release|Any CPU.Build.0 = Release|Any CPU
		{382DC5EB-1B37-48C4-B69E-D6E6DEE68589}.Debug|Any CPU.ActiveCfg = Debug|Any CPU
		{382DC5EB-1B37-48C4-B69E-D6E6DEE68589}.Debug|Any CPU.Build.0 = Debug|Any CPU
		{382DC5EB-1B37-48C4-B69E-D6E6DEE68589}.Release|Any CPU.ActiveCfg = Release|Any CPU
		{382DC5EB-1B37-48C4-B69E-D6E6DEE68589}.Release|Any CPU.Build.0 = Release|Any CPU
		{E8D32519-5830-4BF1-9448-78CF6C5843F9}.Debug|Any CPU.ActiveCfg = Debug|Any CPU
		{E8D32519-5830-4BF1-9448-78CF6C5843F9}.Debug|Any CPU.Build.0 = Debug|Any CPU
		{E8D32519-5830-4BF1-9448-78CF6C5843F9}.Release|Any CPU.ActiveCfg = Release|Any CPU
		{E8D32519-5830-4BF1-9448-78CF6C5843F9}.Release|Any CPU.Build.0 = Release|Any CPU
		{CF2C8EBA-CC3B-47DD-BA5C-B250C65A5A41}.Debug|Any CPU.ActiveCfg = Debug|Any CPU
		{CF2C8EBA-CC3B-47DD-BA5C-B250C65A5A41}.Debug|Any CPU.Build.0 = Debug|Any CPU
		{CF2C8EBA-CC3B-47DD-BA5C-B250C65A5A41}.Release|Any CPU.ActiveCfg = Release|Any CPU
		{CF2C8EBA-CC3B-47DD-BA5C-B250C65A5A41}.Release|Any CPU.Build.0 = Release|Any CPU
		{3C589175-BF10-4404-98E9-A56350B4E696}.Debug|Any CPU.ActiveCfg = Debug|Any CPU
		{3C589175-BF10-4404-98E9-A56350B4E696}.Debug|Any CPU.Build.0 = Debug|Any CPU
		{3C589175-BF10-4404-98E9-A56350B4E696}.Release|Any CPU.ActiveCfg = Release|Any CPU
		{3C589175-BF10-4404-98E9-A56350B4E696}.Release|Any CPU.Build.0 = Release|Any CPU
		{EC538E44-116A-4175-8575-902CC3BE0C55}.Debug|Any CPU.ActiveCfg = Debug|Any CPU
		{EC538E44-116A-4175-8575-902CC3BE0C55}.Debug|Any CPU.Build.0 = Debug|Any CPU
		{EC538E44-116A-4175-8575-902CC3BE0C55}.Release|Any CPU.ActiveCfg = Release|Any CPU
		{EC538E44-116A-4175-8575-902CC3BE0C55}.Release|Any CPU.Build.0 = Release|Any CPU
		{2F04DF93-E5FA-46FE-92CA-F9341001C812}.Debug|Any CPU.ActiveCfg = Debug|Any CPU
		{2F04DF93-E5FA-46FE-92CA-F9341001C812}.Debug|Any CPU.Build.0 = Debug|Any CPU
		{2F04DF93-E5FA-46FE-92CA-F9341001C812}.Release|Any CPU.ActiveCfg = Release|Any CPU
		{2F04DF93-E5FA-46FE-92CA-F9341001C812}.Release|Any CPU.Build.0 = Release|Any CPU
		{A4E3ED0B-CE7B-4E32-8AC5-85C827988BB2}.Debug|Any CPU.ActiveCfg = Debug|Any CPU
		{A4E3ED0B-CE7B-4E32-8AC5-85C827988BB2}.Debug|Any CPU.Build.0 = Debug|Any CPU
		{A4E3ED0B-CE7B-4E32-8AC5-85C827988BB2}.Release|Any CPU.ActiveCfg = Release|Any CPU
		{A4E3ED0B-CE7B-4E32-8AC5-85C827988BB2}.Release|Any CPU.Build.0 = Release|Any CPU
		{6520800F-E5A6-4D49-8568-AAF40CB08D90}.Debug|Any CPU.ActiveCfg = Debug|Any CPU
		{6520800F-E5A6-4D49-8568-AAF40CB08D90}.Debug|Any CPU.Build.0 = Debug|Any CPU
		{6520800F-E5A6-4D49-8568-AAF40CB08D90}.Release|Any CPU.ActiveCfg = Release|Any CPU
		{6520800F-E5A6-4D49-8568-AAF40CB08D90}.Release|Any CPU.Build.0 = Release|Any CPU
		{E3B10613-1BB6-4EEF-A7A5-4431B6D0CD04}.Debug|Any CPU.ActiveCfg = Debug|Any CPU
		{E3B10613-1BB6-4EEF-A7A5-4431B6D0CD04}.Debug|Any CPU.Build.0 = Debug|Any CPU
		{E3B10613-1BB6-4EEF-A7A5-4431B6D0CD04}.Release|Any CPU.ActiveCfg = Release|Any CPU
		{E3B10613-1BB6-4EEF-A7A5-4431B6D0CD04}.Release|Any CPU.Build.0 = Release|Any CPU
		{D740DE0C-3AD2-4F10-BAAC-773EB046DB76}.Debug|Any CPU.ActiveCfg = Debug|Any CPU
		{D740DE0C-3AD2-4F10-BAAC-773EB046DB76}.Debug|Any CPU.Build.0 = Debug|Any CPU
		{D740DE0C-3AD2-4F10-BAAC-773EB046DB76}.Release|Any CPU.ActiveCfg = Release|Any CPU
		{D740DE0C-3AD2-4F10-BAAC-773EB046DB76}.Release|Any CPU.Build.0 = Release|Any CPU
		{B09935C9-522F-4AB2-BBCC-443C50077016}.Debug|Any CPU.ActiveCfg = Debug|Any CPU
		{B09935C9-522F-4AB2-BBCC-443C50077016}.Debug|Any CPU.Build.0 = Debug|Any CPU
		{B09935C9-522F-4AB2-BBCC-443C50077016}.Release|Any CPU.ActiveCfg = Release|Any CPU
		{B09935C9-522F-4AB2-BBCC-443C50077016}.Release|Any CPU.Build.0 = Release|Any CPU
		{5AC3C676-B44F-45CD-9A30-F361C8303E69}.Debug|Any CPU.ActiveCfg = Debug|Any CPU
		{5AC3C676-B44F-45CD-9A30-F361C8303E69}.Debug|Any CPU.Build.0 = Debug|Any CPU
		{5AC3C676-B44F-45CD-9A30-F361C8303E69}.Release|Any CPU.ActiveCfg = Release|Any CPU
		{5AC3C676-B44F-45CD-9A30-F361C8303E69}.Release|Any CPU.Build.0 = Release|Any CPU
		{E0FF4C00-2E33-4F39-8B95-87D197385E3C}.Debug|Any CPU.ActiveCfg = Debug|Any CPU
		{E0FF4C00-2E33-4F39-8B95-87D197385E3C}.Debug|Any CPU.Build.0 = Debug|Any CPU
		{E0FF4C00-2E33-4F39-8B95-87D197385E3C}.Release|Any CPU.ActiveCfg = Release|Any CPU
		{E0FF4C00-2E33-4F39-8B95-87D197385E3C}.Release|Any CPU.Build.0 = Release|Any CPU
		{B39F95B9-AD99-41B8-B6A3-590C4735036E}.Debug|Any CPU.ActiveCfg = Debug|Any CPU
		{B39F95B9-AD99-41B8-B6A3-590C4735036E}.Debug|Any CPU.Build.0 = Debug|Any CPU
		{B39F95B9-AD99-41B8-B6A3-590C4735036E}.Release|Any CPU.ActiveCfg = Release|Any CPU
		{B39F95B9-AD99-41B8-B6A3-590C4735036E}.Release|Any CPU.Build.0 = Release|Any CPU
		{75B14814-426E-45DE-AB4D-BF262E96D3FB}.Debug|Any CPU.ActiveCfg = Debug|Any CPU
		{75B14814-426E-45DE-AB4D-BF262E96D3FB}.Debug|Any CPU.Build.0 = Debug|Any CPU
		{75B14814-426E-45DE-AB4D-BF262E96D3FB}.Release|Any CPU.ActiveCfg = Release|Any CPU
		{75B14814-426E-45DE-AB4D-BF262E96D3FB}.Release|Any CPU.Build.0 = Release|Any CPU
		{C52200D3-0118-4BA1-BCCB-795087E986A9}.Debug|Any CPU.ActiveCfg = Debug|Any CPU
		{C52200D3-0118-4BA1-BCCB-795087E986A9}.Debug|Any CPU.Build.0 = Debug|Any CPU
		{C52200D3-0118-4BA1-BCCB-795087E986A9}.Release|Any CPU.ActiveCfg = Release|Any CPU
		{C52200D3-0118-4BA1-BCCB-795087E986A9}.Release|Any CPU.Build.0 = Release|Any CPU
		{3B2AA0D0-D294-4BA2-94A6-08E7291F29FA}.Debug|Any CPU.ActiveCfg = Debug|Any CPU
		{3B2AA0D0-D294-4BA2-94A6-08E7291F29FA}.Debug|Any CPU.Build.0 = Debug|Any CPU
		{3B2AA0D0-D294-4BA2-94A6-08E7291F29FA}.Release|Any CPU.ActiveCfg = Release|Any CPU
		{3B2AA0D0-D294-4BA2-94A6-08E7291F29FA}.Release|Any CPU.Build.0 = Release|Any CPU
		{8F3AFB5E-7926-4655-8258-AF437105B950}.Debug|Any CPU.ActiveCfg = Debug|Any CPU
		{8F3AFB5E-7926-4655-8258-AF437105B950}.Debug|Any CPU.Build.0 = Debug|Any CPU
		{8F3AFB5E-7926-4655-8258-AF437105B950}.Release|Any CPU.ActiveCfg = Release|Any CPU
		{8F3AFB5E-7926-4655-8258-AF437105B950}.Release|Any CPU.Build.0 = Release|Any CPU
		{AB7461B9-8BEA-4507-BD29-7EDA4889E669}.Debug|Any CPU.ActiveCfg = Debug|Any CPU
		{AB7461B9-8BEA-4507-BD29-7EDA4889E669}.Debug|Any CPU.Build.0 = Debug|Any CPU
		{AB7461B9-8BEA-4507-BD29-7EDA4889E669}.Release|Any CPU.ActiveCfg = Release|Any CPU
		{AB7461B9-8BEA-4507-BD29-7EDA4889E669}.Release|Any CPU.Build.0 = Release|Any CPU
	EndGlobalSection
	GlobalSection(SolutionProperties) = preSolution
		HideSolutionNode = FALSE
	EndGlobalSection
	GlobalSection(ExtensibilityGlobals) = postSolution
		SolutionGuid = {A1AECC36-2500-480E-B3CC-72E6BCEC340A}
	EndGlobalSection
EndGlobal
